{
  "name": "run-real",
  "version": "1.0.0",
  "lockfileVersion": 3,
  "requires": true,
  "packages": {
    "": {
      "name": "run-real",
      "version": "1.0.0",
      "license": "ISC",
      "dependencies": {
        "opencode-free-fleet": "file:../opencode-free-fleet-0.4.0.tgz"
      }
    },
    "node_modules/opencode-free-fleet": {
      "version": "0.4.0",
      "resolved": "file:../opencode-free-fleet-0.4.0.tgz",
      "integrity": "sha512-s7j8XLSgZwqk77ODW5sFatPdF2nrzGc1zZsPzDvUcQxZn35/uR/5RUDcu8KixNWuCtzGb662kvWhoG6PYsHjuQ==",
      "license": "MIT"
    }
  }
}
